
Microsoft Visual Studio Solution File, Format Version 12.00
# Visual Studio Version 17
VisualStudioVersion = 17.5.33516.290
MinimumVisualStudioVersion = 10.0.40219.1
Project("{9A19103F-16F7-4668-BE54-9A1E7A4F7556}") = "TestInAgeofEmpires4", "TestInAgeofEmpires4\TestInAgeofEmpires4.csproj", "{1E9FA925-1E06-46DB-B261-37D023A1C0FB}"
EndProject
Project("{FAE04EC0-301F-11D3-BF4B-00C04F79EFBC}") = "MemoryAndSig", "MemoryAndSig\MemoryAndSig.csproj", "{C9CD258E-B3A6-4C24-9D4F-57E624E2917C}"
EndProject
Global
	GlobalSection(SolutionConfigurationPlatforms) = preSolution
		Debug|Any CPU = Debug|Any CPU
		Release|Any CPU = Release|Any CPU
	EndGlobalSection
	GlobalSection(ProjectConfigurationPlatforms) = postSolution
		{1E9FA925-1E06-46DB-B261-37D023A1C0FB}.Debug|Any CPU.ActiveCfg = Debug|Any CPU
		{1E9FA925-1E06-46DB-B261-37D023A1C0FB}.Debug|Any CPU.Build.0 = Debug|Any CPU
		{1E9FA925-1E06-46DB-B261-37D023A1C0FB}.Release|Any CPU.ActiveCfg = Release|Any CPU
		{1E9FA925-1E06-46DB-B261-37D023A1C0FB}.Release|Any CPU.Build.0 = Release|Any CPU
		{C9CD258E-B3A6-4C24-9D4F-57E624E2917C}.Debug|Any CPU.ActiveCfg = Debug|Any CPU
		{C9CD258E-B3A6-4C24-9D4F-57E624E2917C}.Debug|Any CPU.Build.0 = Debug|Any CPU
		{C9CD258E-B3A6-4C24-9D4F-57E624E2917C}.Release|Any CPU.ActiveCfg = Release|Any CPU
		{C9CD258E-B3A6-4C24-9D4F-57E624E2917C}.Release|Any CPU.Build.0 = Release|Any CPU
	EndGlobalSection
	GlobalSection(SolutionProperties) = preSolution
		HideSolutionNode = FALSE
	EndGlobalSection
	GlobalSection(ExtensibilityGlobals) = postSolution
		SolutionGuid = {5E0061CE-072D-4C31-A5B7-BC766C3D360D}
	EndGlobalSection
EndGlobal
